// !$*UTF8*$!
{
	archiveVersion = 1;
	classes = {
	};
	objectVersion = 46;
	objects = {

/* Begin PBXBuildFile section */
		D75D514B1D9656D1008A8EA2 /* AppDelegate.swift in Sources */ = {isa = PBXBuildFile; fileRef = D75D514A1D9656D1008A8EA2 /* AppDelegate.swift */; };
		D75D514D1D9656D1008A8EA2 /* ViewController.swift in Sources */ = {isa = PBXBuildFile; fileRef = D75D514C1D9656D1008A8EA2 /* ViewController.swift */; };
		D75D51501D9656D1008A8EA2 /* Main.storyboard in Resources */ = {isa = PBXBuildFile; fileRef = D75D514E1D9656D1008A8EA2 /* Main.storyboard */; };
		D75D51521D9656D1008A8EA2 /* Assets.xcassets in Resources */ = {isa = PBXBuildFile; fileRef = D75D51511D9656D1008A8EA2 /* Assets.xcassets */; };
		D75D51551D9656D1008A8EA2 /* LaunchScreen.storyboard in Resources */ = {isa = PBXBuildFile; fileRef = D75D51531D9656D1008A8EA2 /* LaunchScreen.storyboard */; };
/* End PBXBuildFile section */

/* Begin PBXFileReference section */
		D75D51471D9656D1008A8EA2 /* iSoft.app */ = {isa = PBXFileReference; explicitFileType = wrapper.application; includeInIndex = 0; path = iSoft.app; sourceTree = BUILT_PRODUCTS_DIR; };
		D75D514A1D9656D1008A8EA2 /* AppDelegate.swift */ = {isa = PBXFileReference; lastKnownFileType = sourcecode.swift; path = AppDelegate.swift; sourceTree = "<group>"; };
		D75D514C1D9656D1008A8EA2 /* ViewController.swift */ = {isa = PBXFileReference; lastKnownFileType = sourcecode.swift; path = ViewController.swift; sourceTree = "<group>"; };
		D75D514F1D9656D1008A8EA2 /* Base */ = {isa = PBXFileReference; lastKnownFileType = file.storyboard; name = Base; path = Base.lproj/Main.storyboard; sourceTree = "<group>"; };
		D75D51511D9656D1008A8EA2 /* Assets.xcassets */ = {isa = PBXFileReference; lastKnownFileType = folder.assetcatalog; path = Assets.xcassets; sourceTree = "<group>"; };
		D75D51541D9656D1008A8EA2 /* Base */ = {isa = PBXFileReference; lastKnownFileType = file.storyboard; name = Base; path = Base.lproj/LaunchScreen.storyboard; sourceTree = "<group>"; };
		D75D51561D9656D1008A8EA2 /* Info.plist */ = {isa = PBXFileReference; lastKnownFileType = text.plist.xml; path = Info.plist; sourceTree = "<group>"; };
/* End PBXFileReference section */

/* Begin PBXFrameworksBuildPhase section */
		D75D51441D9656D1008A8EA2 /* Frameworks */ = {
			isa = PBXFrameworksBuildPhase;
			buildActionMask = 2147483647;
			files = (
			);
			runOnlyForDeploymentPostprocessing = 0;
		};
/* End PBXFrameworksBuildPhase section */

/* Begin PBXGroup section */
		D75D513E1D9656D1008A8EA2 = {
			isa = PBXGroup;
			children = (
				D75D51491D9656D1008A8EA2 /* iSoft */,
				D75D51481D9656D1008A8EA2 /* Products */,
			);
			sourceTree = "<group>";
		};
		D75D51481D9656D1008A8EA2 /* Products */ = {
			isa = PBXGroup;
			children = (
				D75D51471D9656D1008A8EA2 /* iSoft.app */,
			);
			name = Products;
			sourceTree = "<group>";
		};
		D75D51491D9656D1008A8EA2 /* iSoft */ = {
			isa = PBXGroup;
			children = (
				D75D514A1D9656D1008A8EA2 /* AppDelegate.swift */,
				D75D514C1D9656D1008A8EA2 /* ViewController.swift */,
				D75D514E1D9656D1008A8EA2 /* Main.storyboard */,
				D75D51511D9656D1008A8EA2 /* Assets.xcassets */,
				D75D51531D9656D1008A8EA2 /* LaunchScreen.storyboard */,
				D75D51561D9656D1008A8EA2 /* Info.plist */,
			);
			path = iSoft;
			sourceTree = "<group>";
		};
/* End PBXGroup section */

/* Begin PBXNativeTarget section */
		D75D51461D9656D1008A8EA2 /* iSoft */ = {
			isa = PBXNativeTarget;
			buildConfigurationList = D75D51591D9656D1008A8EA2 /* Build configuration list for PBXNativeTarget "iSoft" */;
			buildPhases = (
				D75D51431D9656D1008A8EA2 /* Sources */,
				D75D51441D9656D1008A8EA2 /* Frameworks */,
				D75D51451D9656D1008A8EA2 /* Resources */,
			);
			buildRules = (
			);
			dependencies = (
			);
			name = iSoft;
			productName = iSoft;
			productReference = D75D51471D9656D1008A8EA2 /* iSoft.app */;
			productType = "com.apple.product-type.application";
		};
/* End PBXNativeTarget section */

/* Begin PBXProject section */
		D75D513F1D9656D1008A8EA2 /* Project object */ = {
			isa = PBXProject;
			attributes = {
				LastSwiftUpdateCheck = 0800;
				LastUpgradeCheck = 0800;
				ORGANIZATIONNAME = "Hussein Jaber";
				TargetAttributes = {
					D75D51461D9656D1008A8EA2 = {
						CreatedOnToolsVersion = 8.0;
						DevelopmentTeam = SGAW4ZB949;
						ProvisioningStyle = Automatic;
					};
				};
			};
			buildConfigurationList = D75D51421D9656D1008A8EA2 /* Build configuration list for PBXProject "iSoft" */;
			compatibilityVersion = "Xcode 3.2";
			developmentRegion = English;
			hasScannedForEncodings = 0;
			knownRegions = (
				en,
				Base,
			);
			mainGroup = D75D513E1D9656D1008A8EA2;
			productRefGroup = D75D51481D9656D1008A8EA2 /* Products */;
			projectDirPath = "";
			projectRoot = "";
			targets = (
				D75D51461D9656D1008A8EA2 /* iSoft */,
			);
		};
/* End PBXProject section */

/* Begin PBXResourcesBuildPhase section */
		D75D51451D9656D1008A8EA2 /* Resources */ = {
			isa = PBXResourcesBuildPhase;
			buildActionMask = 2147483647;
			files = (
				D75D51551D9656D1008A8EA2 /* LaunchScreen.storyboard in Resources */,
				D75D51521D9656D1008A8EA2 /* Assets.xcassets in Resources */,
				D75D51501D9656D1008A8EA2 /* Main.storyboard in Resources */,
			);
			runOnlyForDeploymentPostprocessing = 0;
		};
/* End PBXResourcesBuildPhase section */

/* Begin PBXSourcesBuildPhase section */
		D75D51431D9656D1008A8EA2 /* Sources */ = {
			isa = PBXSourcesBuildPhase;
			buildActionMask = 2147483647;
			files = (
				D75D514D1D9656D1008A8EA2 /* ViewController.swift in Sources */,
				D75D514B1D9656D1008A8EA2 /* AppDelegate.swift in Sources */,
			);
			runOnlyForDeploymentPostprocessing = 0;
		};
/* End PBXSourcesBuildPhase section */

/* Begin PBXVariantGroup section */
		D75D514E1D9656D1008A8EA2 /* Main.storyboard */ = {
			isa = PBXVariantGroup;
			children = (
				D75D514F1D9656D1008A8EA2 /* Base */,
			);
			name = Main.storyboard;
			sourceTree = "<group>";
		};
		D75D51531D9656D1008A8EA2 /* LaunchScreen.storyboard */ = {
			isa = PBXVariantGroup;
			children = (
				D75D51541D9656D1008A8EA2 /* Base */,
			);
			name = LaunchScreen.storyboard;
			sourceTree = "<group>";
		};
/* End PBXVariantGroup section */

/* Begin XCBuildConfiguration section */
		D75D51571D9656D1008A8EA2 /* Debug */ = {
			isa = XCBuildConfiguration;
			buildSettings = {
				ALWAYS_SEARCH_USER_PATHS = NO;
				CLANG_ANALYZER_NONNULL = YES;
				CLANG_CXX_LANGUAGE_STANDARD = "gnu++0x";
				CLANG_CXX_LIBRARY = "libc++";
				CLANG_ENABLE_MODULES = YES;
				CLANG_ENABLE_OBJC_ARC = YES;
				CLANG_WARN_BOOL_CONVERSION = YES;
				CLANG_WARN_CONSTANT_CONVERSION = YES;
				CLANG_WARN_DIRECT_OBJC_ISA_USAGE = YES_ERROR;
				CLANG_WARN_DOCUMENTATION_COMMENTS = YES;
				CLANG_WARN_EMPTY_BODY = YES;
				CLANG_WARN_ENUM_CONVERSION = YES;
				CLANG_WARN_INFINITE_RECURSION = YES;
				CLANG_WARN_INT_CONVERSION = YES;
				CLANG_WARN_OBJC_ROOT_CLASS = YES_ERROR;
				CLANG_WARN_SUSPICIOUS_MOVES = YES;
				CLANG_WARN_UNREACHABLE_CODE = YES;
				CLANG_WARN__DUPLICATE_METHOD_MATCH = YES;
				"CODE_SIGN_IDENTITY[sdk=iphoneos*]" = "iPhone Developer";
				COPY_PHASE_STRIP = NO;
				DEBUG_INFORMATION_FORMAT = dwarf;
				ENABLE_STRICT_OBJC_MSGSEND = YES;
				ENABLE_TESTABILITY = YES;
				GCC_C_LANGUAGE_STANDARD = gnu99;
				GCC_DYNAMIC_NO_PIC = NO;
				GCC_NO_COMMON_BLOCKS = YES;
				GCC_OPTIMIZATION_LEVEL = 0;
				GCC_PREPROCESSOR_DEFINITIONS = (
					"DEBUG=1",
					"$(inherited)",
				);
				GCC_WARN_64_TO_32_BIT_CONVERSION = YES;
				GCC_WARN_ABOUT_RETURN_TYPE = YES_ERROR;
				GCC_WARN_UNDECLARED_SELECTOR = YES;
				GCC_WARN_UNINITIALIZED_AUTOS = YES_AGGRESSIVE;
				GCC_WARN_UNUSED_FUNCTION = YES;
				GCC_WARN_UNUSED_VARIABLE = YES;
				IPHONEOS_DEPLOYMENT_TARGET = 10.0;
				MTL_ENABLE_DEBUG_INFO = YES;
				ONLY_ACTIVE_ARCH = YES;
				SDKROOT = iphoneos;
				SWIFT_ACTIVE_COMPILATION_CONDITIONS = DEBUG;
				SWIFT_OPTIMIZATION_LEVEL = "-Onone";
				TARGETED_DEVICE_FAMILY = "1,2";
			};
			name = Debug;
		};
		D75D51581D9656D1008A8EA2 /* Release */ = {
			isa = XCBuildConfiguration;
			buildSettings = {
				ALWAYS_SEARCH_USER_PATHS = NO;
				CLANG_ANALYZER_NONNULL = YES;
				CLANG_CXX_LANGUAGE_STANDARD = "gnu++0x";
				CLANG_CXX_LIBRARY = "libc++";
				CLANG_ENABLE_MODULES = YES;
				CLANG_ENABLE_OBJC_ARC = YES;
				CLANG_WARN_BOOL_CONVERSION = YES;
				CLANG_WARN_CONSTANT_CONVERSION = YES;
				CLANG_WARN_DIRECT_OBJC_ISA_USAGE = YES_ERROR;
				CLANG_WARN_DOCUMENTATION_COMMENTS = YES;
				CLANG_WARN_EMPTY_BODY = YES;
				CLANG_WARN_ENUM_CONVERSION = YES;
				CLANG_WARN_INFINITE_RECURSION = YES;
				CLANG_WARN_INT_CONVERSION = YES;
				CLANG_WARN_OBJC_ROOT_CLASS = YES_ERROR;
				CLANG_WARN_SUSPICIOUS_MOVES = YES;
				CLANG_WARN_UNREACHABLE_CODE = YES;
				CLANG_WARN__DUPLICATE_METHOD_MATCH = YES;
				"CODE_SIGN_IDENTITY[sdk=iphoneos*]" = "iPhone Developer";
				COPY_PHASE_STRIP = NO;
				DEBUG_INFORMATION_FORMAT = "dwarf-with-dsym";
				ENABLE_NS_ASSERTIONS = NO;
				ENABLE_STRICT_OBJC_MSGSEND = YES;
				GCC_C_LANGUAGE_STANDARD = gnu99;
				GCC_NO_COMMON_BLOCKS = YES;
				GCC_WARN_64_TO_32_BIT_CONVERSION = YES;
				GCC_WARN_ABOUT_RETURN_TYPE = YES_ERROR;
				GCC_WARN_UNDECLARED_SELECTOR = YES;
				GCC_WARN_UNINITIALIZED_AUTOS = YES_AGGRESSIVE;
				GCC_WARN_UNUSED_FUNCTION = YES;
				GCC_WARN_UNUSED_VARIABLE = YES;
				IPHONEOS_DEPLOYMENT_TARGET = 10.0;
				MTL_ENABLE_DEBUG_INFO = NO;
				SDKROOT = iphoneos;
				SWIFT_OPTIMIZATION_LEVEL = "-Owholemodule";
				TARGETED_DEVICE_FAMILY = "1,2";
				VALIDATE_PRODUCT = YES;
			};
			name = Release;
		};
		D75D515A1D9656D1008A8EA2 /* Debug */ = {
			isa = XCBuildConfiguration;
			buildSettings = {
				ASSETCATALOG_COMPILER_APPICON_NAME = AppIcon;
				DEVELOPMENT_TEAM = SGAW4ZB949;
				INFOPLIST_FILE = iSoft/Info.plist;
				LD_RUNPATH_SEARCH_PATHS = "$(inherited) @executable_path/Frameworks";
				PRODUCT_BUNDLE_IDENTIFIER = com.hujaber.iSoft;
				PRODUCT_NAME = "$(TARGET_NAME)";
				SWIFT_VERSION = 3.0;
			};
			name = Debug;
		};
		D75D515B1D9656D1008A8EA2 /* Release */ = {
			isa = XCBuildConfiguration;
			buildSettings = {
				ASSETCATALOG_COMPILER_APPICON_NAME = AppIcon;
				DEVELOPMENT_TEAM = SGAW4ZB949;
				INFOPLIST_FILE = iSoft/Info.plist;
				LD_RUNPATH_SEARCH_PATHS = "$(inherited) @executable_path/Frameworks";
				PRODUCT_BUNDLE_IDENTIFIER = com.hujaber.iSoft;
				PRODUCT_NAME = "$(TARGET_NAME)";
				SWIFT_VERSION = 3.0;
			};
			name = Release;
		};
/* End XCBuildConfiguration section */

/* Begin XCConfigurationList section */
		D75D51421D9656D1008A8EA2 /* Build configuration list for PBXProject "iSoft" */ = {
			isa = XCConfigurationList;
			buildConfigurations = (
				D75D51571D9656D1008A8EA2 /* Debug */,
				D75D51581D9656D1008A8EA2 /* Release */,
			);
			defaultConfigurationIsVisible = 0;
			defaultConfigurationName = Release;
		};
		D75D51591D9656D1008A8EA2 /* Build configuration list for PBXNativeTarget "iSoft" */ = {
			isa = XCConfigurationList;
			buildConfigurations = (
				D75D515A1D9656D1008A8EA2 /* Debug */,
				D75D515B1D9656D1008A8EA2 /* Release */,
			);
			defaultConfigurationIsVisible = 0;
		};
/* End XCConfigurationList section */
	};
	rootObject = D75D513F1D9656D1008A8EA2 /* Project object */;
}
